// !$*UTF8*$!
{
	archiveVersion = 1;
	classes = {
	};
	objectVersion = 46;
	objects = {

/* Begin PBXBuildFile section */
		4318DFCA1A25148900A900CC /* Bolts.framework in Frameworks */ = {isa = PBXBuildFile; fileRef = 4318DFC61A25148900A900CC /* Bolts.framework */; };
		4318DFCB1A25148900A900CC /* Parse.framework in Frameworks */ = {isa = PBXBuildFile; fileRef = 4318DFC71A25148900A900CC /* Parse.framework */; };
		4318DFCC1A25148900A900CC /* ParseFacebookUtils.framework in Frameworks */ = {isa = PBXBuildFile; fileRef = 4318DFC81A25148900A900CC /* ParseFacebookUtils.framework */; };
		4318DFCD1A25148900A900CC /* ParseUI.framework in Frameworks */ = {isa = PBXBuildFile; fileRef = 4318DFC91A25148900A900CC /* ParseUI.framework */; };
		4318DFCF1A2514CF00A900CC /* AudioToolbox.framework in Frameworks */ = {isa = PBXBuildFile; fileRef = 4318DFCE1A2514CF00A900CC /* AudioToolbox.framework */; };
		4318DFD11A2514DF00A900CC /* CFNetwork.framework in Frameworks */ = {isa = PBXBuildFile; fileRef = 4318DFD01A2514DF00A900CC /* CFNetwork.framework */; };
		4318DFD31A2514E900A900CC /* CoreGraphics.framework in Frameworks */ = {isa = PBXBuildFile; fileRef = 4318DFD21A2514E900A900CC /* CoreGraphics.framework */; };
		4318DFD51A2514ED00A900CC /* CoreLocation.framework in Frameworks */ = {isa = PBXBuildFile; fileRef = 4318DFD41A2514ED00A900CC /* CoreLocation.framework */; };
		4318DFD71A25151F00A900CC /* libz.dylib in Frameworks */ = {isa = PBXBuildFile; fileRef = 4318DFD61A25151F00A900CC /* libz.dylib */; };
		4318DFD91A25152C00A900CC /* MobileCoreServices.framework in Frameworks */ = {isa = PBXBuildFile; fileRef = 4318DFD81A25152C00A900CC /* MobileCoreServices.framework */; };
		4318DFDB1A25153500A900CC /* QuartzCore.framework in Frameworks */ = {isa = PBXBuildFile; fileRef = 4318DFDA1A25153500A900CC /* QuartzCore.framework */; };
		4318DFDD1A25153B00A900CC /* Security.framework in Frameworks */ = {isa = PBXBuildFile; fileRef = 4318DFDC1A25153B00A900CC /* Security.framework */; };
		4318DFDF1A25154300A900CC /* StoreKit.framework in Frameworks */ = {isa = PBXBuildFile; fileRef = 4318DFDE1A25154300A900CC /* StoreKit.framework */; };
		4318DFE11A25155000A900CC /* SystemConfiguration.framework in Frameworks */ = {isa = PBXBuildFile; fileRef = 4318DFE01A25155000A900CC /* SystemConfiguration.framework */; };
		4318DFE51A25172F00A900CC /* ListTableViewController.m in Sources */ = {isa = PBXBuildFile; fileRef = 4318DFE41A25172F00A900CC /* ListTableViewController.m */; };
		43B52D3F1A25122F0082F43F /* main.m in Sources */ = {isa = PBXBuildFile; fileRef = 43B52D3E1A25122F0082F43F /* main.m */; };
		43B52D421A25122F0082F43F /* AppDelegate.m in Sources */ = {isa = PBXBuildFile; fileRef = 43B52D411A25122F0082F43F /* AppDelegate.m */; };
		43B52D451A25122F0082F43F /* ViewController.m in Sources */ = {isa = PBXBuildFile; fileRef = 43B52D441A25122F0082F43F /* ViewController.m */; };
		43B52D481A25122F0082F43F /* Main.storyboard in Resources */ = {isa = PBXBuildFile; fileRef = 43B52D461A25122F0082F43F /* Main.storyboard */; };
		43B52D4A1A25122F0082F43F /* Images.xcassets in Resources */ = {isa = PBXBuildFile; fileRef = 43B52D491A25122F0082F43F /* Images.xcassets */; };
		43B52D4D1A25122F0082F43F /* LaunchScreen.xib in Resources */ = {isa = PBXBuildFile; fileRef = 43B52D4B1A25122F0082F43F /* LaunchScreen.xib */; };
		43B52D591A25122F0082F43F /* OurListTests.m in Sources */ = {isa = PBXBuildFile; fileRef = 43B52D581A25122F0082F43F /* OurListTests.m */; };
/* End PBXBuildFile section */

/* Begin PBXContainerItemProxy section */
		43B52D531A25122F0082F43F /* PBXContainerItemProxy */ = {
			isa = PBXContainerItemProxy;
			containerPortal = 43B52D311A25122F0082F43F /* Project object */;
			proxyType = 1;
			remoteGlobalIDString = 43B52D381A25122F0082F43F;
			remoteInfo = OurList;
		};
/* End PBXContainerItemProxy section */

/* Begin PBXFileReference section */
		4318DFC61A25148900A900CC /* Bolts.framework */ = {isa = PBXFileReference; lastKnownFileType = wrapper.framework; name = Bolts.framework; path = "../parse-library-1/Bolts.framework"; sourceTree = "<group>"; };
		4318DFC71A25148900A900CC /* Parse.framework */ = {isa = PBXFileReference; lastKnownFileType = wrapper.framework; name = Parse.framework; path = "../parse-library-1/Parse.framework"; sourceTree = "<group>"; };
		4318DFC81A25148900A900CC /* ParseFacebookUtils.framework */ = {isa = PBXFileReference; lastKnownFileType = wrapper.framework; name = ParseFacebookUtils.framework; path = "../parse-library-1/ParseFacebookUtils.framework"; sourceTree = "<group>"; };
		4318DFC91A25148900A900CC /* ParseUI.framework */ = {isa = PBXFileReference; lastKnownFileType = wrapper.framework; name = ParseUI.framework; path = "../parse-library-1/ParseUI.framework"; sourceTree = "<group>"; };
		4318DFCE1A2514CF00A900CC /* AudioToolbox.framework */ = {isa = PBXFileReference; lastKnownFileType = wrapper.framework; name = AudioToolbox.framework; path = System/Library/Frameworks/AudioToolbox.framework; sourceTree = SDKROOT; };
		4318DFD01A2514DF00A900CC /* CFNetwork.framework */ = {isa = PBXFileReference; lastKnownFileType = wrapper.framework; name = CFNetwork.framework; path = System/Library/Frameworks/CFNetwork.framework; sourceTree = SDKROOT; };
		4318DFD21A2514E900A900CC /* CoreGraphics.framework */ = {isa = PBXFileReference; lastKnownFileType = wrapper.framework; name = CoreGraphics.framework; path = System/Library/Frameworks/CoreGraphics.framework; sourceTree = SDKROOT; };
		4318DFD41A2514ED00A900CC /* CoreLocation.framework */ = {isa = PBXFileReference; lastKnownFileType = wrapper.framework; name = CoreLocation.framework; path = System/Library/Frameworks/CoreLocation.framework; sourceTree = SDKROOT; };
		4318DFD61A25151F00A900CC /* libz.dylib */ = {isa = PBXFileReference; lastKnownFileType = "compiled.mach-o.dylib"; name = libz.dylib; path = usr/lib/libz.dylib; sourceTree = SDKROOT; };
		4318DFD81A25152C00A900CC /* MobileCoreServices.framework */ = {isa = PBXFileReference; lastKnownFileType = wrapper.framework; name = MobileCoreServices.framework; path = System/Library/Frameworks/MobileCoreServices.framework; sourceTree = SDKROOT; };
		4318DFDA1A25153500A900CC /* QuartzCore.framework */ = {isa = PBXFileReference; lastKnownFileType = wrapper.framework; name = QuartzCore.framework; path = System/Library/Frameworks/QuartzCore.framework; sourceTree = SDKROOT; };
		4318DFDC1A25153B00A900CC /* Security.framework */ = {isa = PBXFileReference; lastKnownFileType = wrapper.framework; name = Security.framework; path = System/Library/Frameworks/Security.framework; sourceTree = SDKROOT; };
		4318DFDE1A25154300A900CC /* StoreKit.framework */ = {isa = PBXFileReference; lastKnownFileType = wrapper.framework; name = StoreKit.framework; path = System/Library/Frameworks/StoreKit.framework; sourceTree = SDKROOT; };
		4318DFE01A25155000A900CC /* SystemConfiguration.framework */ = {isa = PBXFileReference; lastKnownFileType = wrapper.framework; name = SystemConfiguration.framework; path = System/Library/Frameworks/SystemConfiguration.framework; sourceTree = SDKROOT; };
		4318DFE31A25172F00A900CC /* ListTableViewController.h */ = {isa = PBXFileReference; fileEncoding = 4; lastKnownFileType = sourcecode.c.h; path = ListTableViewController.h; sourceTree = "<group>"; };
		4318DFE41A25172F00A900CC /* ListTableViewController.m */ = {isa = PBXFileReference; fileEncoding = 4; lastKnownFileType = sourcecode.c.objc; path = ListTableViewController.m; sourceTree = "<group>"; };
		43B52D391A25122F0082F43F /* OurList.app */ = {isa = PBXFileReference; explicitFileType = wrapper.application; includeInIndex = 0; path = OurList.app; sourceTree = BUILT_PRODUCTS_DIR; };
		43B52D3D1A25122F0082F43F /* Info.plist */ = {isa = PBXFileReference; lastKnownFileType = text.plist.xml; path = Info.plist; sourceTree = "<group>"; };
		43B52D3E1A25122F0082F43F /* main.m */ = {isa = PBXFileReference; lastKnownFileType = sourcecode.c.objc; path = main.m; sourceTree = "<group>"; };
		43B52D401A25122F0082F43F /* AppDelegate.h */ = {isa = PBXFileReference; lastKnownFileType = sourcecode.c.h; path = AppDelegate.h; sourceTree = "<group>"; };
		43B52D411A25122F0082F43F /* AppDelegate.m */ = {isa = PBXFileReference; lastKnownFileType = sourcecode.c.objc; path = AppDelegate.m; sourceTree = "<group>"; };
		43B52D431A25122F0082F43F /* ViewController.h */ = {isa = PBXFileReference; lastKnownFileType = sourcecode.c.h; path = ViewController.h; sourceTree = "<group>"; };
		43B52D441A25122F0082F43F /* ViewController.m */ = {isa = PBXFileReference; lastKnownFileType = sourcecode.c.objc; path = ViewController.m; sourceTree = "<group>"; };
		43B52D471A25122F0082F43F /* Base */ = {isa = PBXFileReference; lastKnownFileType = file.storyboard; name = Base; path = Base.lproj/Main.storyboard; sourceTree = "<group>"; };
		43B52D491A25122F0082F43F /* Images.xcassets */ = {isa = PBXFileReference; lastKnownFileType = folder.assetcatalog; path = Images.xcassets; sourceTree = "<group>"; };
		43B52D4C1A25122F0082F43F /* Base */ = {isa = PBXFileReference; lastKnownFileType = file.xib; name = Base; path = Base.lproj/LaunchScreen.xib; sourceTree = "<group>"; };
		43B52D521A25122F0082F43F /* OurListTests.xctest */ = {isa = PBXFileReference; explicitFileType = wrapper.cfbundle; includeInIndex = 0; path = OurListTests.xctest; sourceTree = BUILT_PRODUCTS_DIR; };
		43B52D571A25122F0082F43F /* Info.plist */ = {isa = PBXFileReference; lastKnownFileType = text.plist.xml; path = Info.plist; sourceTree = "<group>"; };
		43B52D581A25122F0082F43F /* OurListTests.m */ = {isa = PBXFileReference; lastKnownFileType = sourcecode.c.objc; path = OurListTests.m; sourceTree = "<group>"; };
/* End PBXFileReference section */

/* Begin PBXFrameworksBuildPhase section */
		43B52D361A25122F0082F43F /* Frameworks */ = {
			isa = PBXFrameworksBuildPhase;
			buildActionMask = 2147483647;
			files = (
				4318DFE11A25155000A900CC /* SystemConfiguration.framework in Frameworks */,
				4318DFDF1A25154300A900CC /* StoreKit.framework in Frameworks */,
				4318DFDD1A25153B00A900CC /* Security.framework in Frameworks */,
				4318DFDB1A25153500A900CC /* QuartzCore.framework in Frameworks */,
				4318DFD91A25152C00A900CC /* MobileCoreServices.framework in Frameworks */,
				4318DFD71A25151F00A900CC /* libz.dylib in Frameworks */,
				4318DFD51A2514ED00A900CC /* CoreLocation.framework in Frameworks */,
				4318DFD31A2514E900A900CC /* CoreGraphics.framework in Frameworks */,
				4318DFD11A2514DF00A900CC /* CFNetwork.framework in Frameworks */,
				4318DFCF1A2514CF00A900CC /* AudioToolbox.framework in Frameworks */,
				4318DFCB1A25148900A900CC /* Parse.framework in Frameworks */,
				4318DFCA1A25148900A900CC /* Bolts.framework in Frameworks */,
				4318DFCD1A25148900A900CC /* ParseUI.framework in Frameworks */,
				4318DFCC1A25148900A900CC /* ParseFacebookUtils.framework in Frameworks */,
			);
			runOnlyForDeploymentPostprocessing = 0;
		};
		43B52D4F1A25122F0082F43F /* Frameworks */ = {
			isa = PBXFrameworksBuildPhase;
			buildActionMask = 2147483647;
			files = (
			);
			runOnlyForDeploymentPostprocessing = 0;
		};
/* End PBXFrameworksBuildPhase section */

/* Begin PBXGroup section */
		4318DFE21A25156B00A900CC /* Frameworks */ = {
			isa = PBXGroup;
			children = (
				4318DFE01A25155000A900CC /* SystemConfiguration.framework */,
				4318DFDE1A25154300A900CC /* StoreKit.framework */,
				4318DFDC1A25153B00A900CC /* Security.framework */,
				4318DFDA1A25153500A900CC /* QuartzCore.framework */,
				4318DFD81A25152C00A900CC /* MobileCoreServices.framework */,
				4318DFD61A25151F00A900CC /* libz.dylib */,
				4318DFD41A2514ED00A900CC /* CoreLocation.framework */,
				4318DFD21A2514E900A900CC /* CoreGraphics.framework */,
				4318DFD01A2514DF00A900CC /* CFNetwork.framework */,
				4318DFCE1A2514CF00A900CC /* AudioToolbox.framework */,
				4318DFC61A25148900A900CC /* Bolts.framework */,
				4318DFC71A25148900A900CC /* Parse.framework */,
				4318DFC81A25148900A900CC /* ParseFacebookUtils.framework */,
				4318DFC91A25148900A900CC /* ParseUI.framework */,
			);
			name = Frameworks;
			sourceTree = "<group>";
		};
		43B52D301A25122F0082F43F = {
			isa = PBXGroup;
			children = (
				43B52D3B1A25122F0082F43F /* OurList */,
				43B52D551A25122F0082F43F /* OurListTests */,
				43B52D3A1A25122F0082F43F /* Products */,
			);
			sourceTree = "<group>";
		};
		43B52D3A1A25122F0082F43F /* Products */ = {
			isa = PBXGroup;
			children = (
				43B52D391A25122F0082F43F /* OurList.app */,
				43B52D521A25122F0082F43F /* OurListTests.xctest */,
			);
			name = Products;
			sourceTree = "<group>";
		};
		43B52D3B1A25122F0082F43F /* OurList */ = {
			isa = PBXGroup;
			children = (
				43B52D401A25122F0082F43F /* AppDelegate.h */,
				43B52D411A25122F0082F43F /* AppDelegate.m */,
				43B52D431A25122F0082F43F /* ViewController.h */,
				43B52D441A25122F0082F43F /* ViewController.m */,
				43B52D461A25122F0082F43F /* Main.storyboard */,
				43B52D491A25122F0082F43F /* Images.xcassets */,
				43B52D4B1A25122F0082F43F /* LaunchScreen.xib */,
				43B52D3C1A25122F0082F43F /* Supporting Files */,
				4318DFE31A25172F00A900CC /* ListTableViewController.h */,
				4318DFE41A25172F00A900CC /* ListTableViewController.m */,
			);
			path = OurList;
			sourceTree = "<group>";
		};
		43B52D3C1A25122F0082F43F /* Supporting Files */ = {
			isa = PBXGroup;
			children = (
				4318DFE21A25156B00A900CC /* Frameworks */,
				43B52D3D1A25122F0082F43F /* Info.plist */,
				43B52D3E1A25122F0082F43F /* main.m */,
			);
			name = "Supporting Files";
			sourceTree = "<group>";
		};
		43B52D551A25122F0082F43F /* OurListTests */ = {
			isa = PBXGroup;
			children = (
				43B52D581A25122F0082F43F /* OurListTests.m */,
				43B52D561A25122F0082F43F /* Supporting Files */,
			);
			path = OurListTests;
			sourceTree = "<group>";
		};
		43B52D561A25122F0082F43F /* Supporting Files */ = {
			isa = PBXGroup;
			children = (
				43B52D571A25122F0082F43F /* Info.plist */,
			);
			name = "Supporting Files";
			sourceTree = "<group>";
		};
/* End PBXGroup section */

/* Begin PBXNativeTarget section */
		43B52D381A25122F0082F43F /* OurList */ = {
			isa = PBXNativeTarget;
			buildConfigurationList = 43B52D5C1A25122F0082F43F /* Build configuration list for PBXNativeTarget "OurList" */;
			buildPhases = (
				43B52D351A25122F0082F43F /* Sources */,
				43B52D361A25122F0082F43F /* Frameworks */,
				43B52D371A25122F0082F43F /* Resources */,
			);
			buildRules = (
			);
			dependencies = (
			);
			name = OurList;
			productName = OurList;
			productReference = 43B52D391A25122F0082F43F /* OurList.app */;
			productType = "com.apple.product-type.application";
		};
		43B52D511A25122F0082F43F /* OurListTests */ = {
			isa = PBXNativeTarget;
			buildConfigurationList = 43B52D5F1A25122F0082F43F /* Build configuration list for PBXNativeTarget "OurListTests" */;
			buildPhases = (
				43B52D4E1A25122F0082F43F /* Sources */,
				43B52D4F1A25122F0082F43F /* Frameworks */,
				43B52D501A25122F0082F43F /* Resources */,
			);
			buildRules = (
			);
			dependencies = (
				43B52D541A25122F0082F43F /* PBXTargetDependency */,
			);
			name = OurListTests;
			productName = OurListTests;
			productReference = 43B52D521A25122F0082F43F /* OurListTests.xctest */;
			productType = "com.apple.product-type.bundle.unit-test";
		};
/* End PBXNativeTarget section */

/* Begin PBXProject section */
		43B52D311A25122F0082F43F /* Project object */ = {
			isa = PBXProject;
			attributes = {
				LastUpgradeCheck = 0610;
				ORGANIZATIONNAME = TClarke;
				TargetAttributes = {
					43B52D381A25122F0082F43F = {
						CreatedOnToolsVersion = 6.1;
					};
					43B52D511A25122F0082F43F = {
						CreatedOnToolsVersion = 6.1;
						TestTargetID = 43B52D381A25122F0082F43F;
					};
				};
			};
			buildConfigurationList = 43B52D341A25122F0082F43F /* Build configuration list for PBXProject "OurList" */;
			compatibilityVersion = "Xcode 3.2";
			developmentRegion = English;
			hasScannedForEncodings = 0;
			knownRegions = (
				en,
				Base,
			);
			mainGroup = 43B52D301A25122F0082F43F;
			productRefGroup = 43B52D3A1A25122F0082F43F /* Products */;
			projectDirPath = "";
			projectRoot = "";
			targets = (
				43B52D381A25122F0082F43F /* OurList */,
				43B52D511A25122F0082F43F /* OurListTests */,
			);
		};
/* End PBXProject section */

/* Begin PBXResourcesBuildPhase section */
		43B52D371A25122F0082F43F /* Resources */ = {
			isa = PBXResourcesBuildPhase;
			buildActionMask = 2147483647;
			files = (
				43B52D481A25122F0082F43F /* Main.storyboard in Resources */,
				43B52D4D1A25122F0082F43F /* LaunchScreen.xib in Resources */,
				43B52D4A1A25122F0082F43F /* Images.xcassets in Resources */,
			);
			runOnlyForDeploymentPostprocessing = 0;
		};
		43B52D501A25122F0082F43F /* Resources */ = {
			isa = PBXResourcesBuildPhase;
			buildActionMask = 2147483647;
			files = (
			);
			runOnlyForDeploymentPostprocessing = 0;
		};
/* End PBXResourcesBuildPhase section */

/* Begin PBXSourcesBuildPhase section */
		43B52D351A25122F0082F43F /* Sources */ = {
			isa = PBXSourcesBuildPhase;
			buildActionMask = 2147483647;
			files = (
				43B52D451A25122F0082F43F /* ViewController.m in Sources */,
				4318DFE51A25172F00A900CC /* ListTableViewController.m in Sources */,
				43B52D421A25122F0082F43F /* AppDelegate.m in Sources */,
				43B52D3F1A25122F0082F43F /* main.m in Sources */,
			);
			runOnlyForDeploymentPostprocessing = 0;
		};
		43B52D4E1A25122F0082F43F /* Sources */ = {
			isa = PBXSourcesBuildPhase;
			buildActionMask = 2147483647;
			files = (
				43B52D591A25122F0082F43F /* OurListTests.m in Sources */,
			);
			runOnlyForDeploymentPostprocessing = 0;
		};
/* End PBXSourcesBuildPhase section */

/* Begin PBXTargetDependency section */
		43B52D541A25122F0082F43F /* PBXTargetDependency */ = {
			isa = PBXTargetDependency;
			target = 43B52D381A25122F0082F43F /* OurList */;
			targetProxy = 43B52D531A25122F0082F43F /* PBXContainerItemProxy */;
		};
/* End PBXTargetDependency section */

/* Begin PBXVariantGroup section */
		43B52D461A25122F0082F43F /* Main.storyboard */ = {
			isa = PBXVariantGroup;
			children = (
				43B52D471A25122F0082F43F /* Base */,
			);
			name = Main.storyboard;
			sourceTree = "<group>";
		};
		43B52D4B1A25122F0082F43F /* LaunchScreen.xib */ = {
			isa = PBXVariantGroup;
			children = (
				43B52D4C1A25122F0082F43F /* Base */,
			);
			name = LaunchScreen.xib;
			sourceTree = "<group>";
		};
/* End PBXVariantGroup section */

/* Begin XCBuildConfiguration section */
		43B52D5A1A25122F0082F43F /* Debug */ = {
			isa = XCBuildConfiguration;
			buildSettings = {
				ALWAYS_SEARCH_USER_PATHS = NO;
				CLANG_CXX_LANGUAGE_STANDARD = "gnu++0x";
				CLANG_CXX_LIBRARY = "libc++";
				CLANG_ENABLE_MODULES = YES;
				CLANG_ENABLE_OBJC_ARC = YES;
				CLANG_WARN_BOOL_CONVERSION = YES;
				CLANG_WARN_CONSTANT_CONVERSION = YES;
				CLANG_WARN_DIRECT_OBJC_ISA_USAGE = YES_ERROR;
				CLANG_WARN_EMPTY_BODY = YES;
				CLANG_WARN_ENUM_CONVERSION = YES;
				CLANG_WARN_INT_CONVERSION = YES;
				CLANG_WARN_OBJC_ROOT_CLASS = YES_ERROR;
				CLANG_WARN_UNREACHABLE_CODE = YES;
				CLANG_WARN__DUPLICATE_METHOD_MATCH = YES;
				"CODE_SIGN_IDENTITY[sdk=iphoneos*]" = "iPhone Developer";
				COPY_PHASE_STRIP = NO;
				ENABLE_STRICT_OBJC_MSGSEND = YES;
				GCC_C_LANGUAGE_STANDARD = gnu99;
				GCC_DYNAMIC_NO_PIC = NO;
				GCC_OPTIMIZATION_LEVEL = 0;
				GCC_PREPROCESSOR_DEFINITIONS = (
					"DEBUG=1",
					"$(inherited)",
				);
				GCC_SYMBOLS_PRIVATE_EXTERN = NO;
				GCC_WARN_64_TO_32_BIT_CONVERSION = YES;
				GCC_WARN_ABOUT_RETURN_TYPE = YES_ERROR;
				GCC_WARN_UNDECLARED_SELECTOR = YES;
				GCC_WARN_UNINITIALIZED_AUTOS = YES_AGGRESSIVE;
				GCC_WARN_UNUSED_FUNCTION = YES;
				GCC_WARN_UNUSED_VARIABLE = YES;
				IPHONEOS_DEPLOYMENT_TARGET = 8.1;
				MTL_ENABLE_DEBUG_INFO = YES;
				ONLY_ACTIVE_ARCH = YES;
				SDKROOT = iphoneos;
				TARGETED_DEVICE_FAMILY = "1,2";
			};
			name = Debug;
		};
		43B52D5B1A25122F0082F43F /* Release */ = {
			isa = XCBuildConfiguration;
			buildSettings = {
				ALWAYS_SEARCH_USER_PATHS = NO;
				CLANG_CXX_LANGUAGE_STANDARD = "gnu++0x";
				CLANG_CXX_LIBRARY = "libc++";
				CLANG_ENABLE_MODULES = YES;
				CLANG_ENABLE_OBJC_ARC = YES;
				CLANG_WARN_BOOL_CONVERSION = YES;
				CLANG_WARN_CONSTANT_CONVERSION = YES;
				CLANG_WARN_DIRECT_OBJC_ISA_USAGE = YES_ERROR;
				CLANG_WARN_EMPTY_BODY = YES;
				CLANG_WARN_ENUM_CONVERSION = YES;
				CLANG_WARN_INT_CONVERSION = YES;
				CLANG_WARN_OBJC_ROOT_CLASS = YES_ERROR;
				CLANG_WARN_UNREACHABLE_CODE = YES;
				CLANG_WARN__DUPLICATE_METHOD_MATCH = YES;
				"CODE_SIGN_IDENTITY[sdk=iphoneos*]" = "iPhone Developer";
				COPY_PHASE_STRIP = YES;
				ENABLE_NS_ASSERTIONS = NO;
				ENABLE_STRICT_OBJC_MSGSEND = YES;
				GCC_C_LANGUAGE_STANDARD = gnu99;
				GCC_WARN_64_TO_32_BIT_CONVERSION = YES;
				GCC_WARN_ABOUT_RETURN_TYPE = YES_ERROR;
				GCC_WARN_UNDECLARED_SELECTOR = YES;
				GCC_WARN_UNINITIALIZED_AUTOS = YES_AGGRESSIVE;
				GCC_WARN_UNUSED_FUNCTION = YES;
				GCC_WARN_UNUSED_VARIABLE = YES;
				IPHONEOS_DEPLOYMENT_TARGET = 8.1;
				MTL_ENABLE_DEBUG_INFO = NO;
				SDKROOT = iphoneos;
				TARGETED_DEVICE_FAMILY = "1,2";
				VALIDATE_PRODUCT = YES;
			};
			name = Release;
		};
		43B52D5D1A25122F0082F43F /* Debug */ = {
			isa = XCBuildConfiguration;
			buildSettings = {
				ASSETCATALOG_COMPILER_APPICON_NAME = AppIcon;
				FRAMEWORK_SEARCH_PATHS = (
					"$(inherited)",
					"$(PROJECT_DIR)/parse-library-1",
				);
				INFOPLIST_FILE = OurList/Info.plist;
				LD_RUNPATH_SEARCH_PATHS = "$(inherited) @executable_path/Frameworks";
				PRODUCT_NAME = "$(TARGET_NAME)";
				TARGETED_DEVICE_FAMILY = 1;
			};
			name = Debug;
		};
		43B52D5E1A25122F0082F43F /* Release */ = {
			isa = XCBuildConfiguration;
			buildSettings = {
				ASSETCATALOG_COMPILER_APPICON_NAME = AppIcon;
				FRAMEWORK_SEARCH_PATHS = (
					"$(inherited)",
					"$(PROJECT_DIR)/parse-library-1",
				);
				INFOPLIST_FILE = OurList/Info.plist;
				LD_RUNPATH_SEARCH_PATHS = "$(inherited) @executable_path/Frameworks";
				PRODUCT_NAME = "$(TARGET_NAME)";
				TARGETED_DEVICE_FAMILY = 1;
			};
			name = Release;
		};
		43B52D601A25122F0082F43F /* Debug */ = {
			isa = XCBuildConfiguration;
			buildSettings = {
				BUNDLE_LOADER = "$(TEST_HOST)";
				FRAMEWORK_SEARCH_PATHS = (
					"$(SDKROOT)/Developer/Library/Frameworks",
					"$(inherited)",
				);
				GCC_PREPROCESSOR_DEFINITIONS = (
					"DEBUG=1",
					"$(inherited)",
				);
				INFOPLIST_FILE = OurListTests/Info.plist;
				LD_RUNPATH_SEARCH_PATHS = "$(inherited) @executable_path/Frameworks @loader_path/Frameworks";
				PRODUCT_NAME = "$(TARGET_NAME)";
				TEST_HOST = "$(BUILT_PRODUCTS_DIR)/OurList.app/OurList";
			};
			name = Debug;
		};
		43B52D611A25122F0082F43F /* Release */ = {
			isa = XCBuildConfiguration;
			buildSettings = {
				BUNDLE_LOADER = "$(TEST_HOST)";
				FRAMEWORK_SEARCH_PATHS = (
					"$(SDKROOT)/Developer/Library/Frameworks",
					"$(inherited)",
				);
				INFOPLIST_FILE = OurListTests/Info.plist;
				LD_RUNPATH_SEARCH_PATHS = "$(inherited) @executable_path/Frameworks @loader_path/Frameworks";
				PRODUCT_NAME = "$(TARGET_NAME)";
				TEST_HOST = "$(BUILT_PRODUCTS_DIR)/OurList.app/OurList";
			};
			name = Release;
		};
/* End XCBuildConfiguration section */

/* Begin XCConfigurationList section */
		43B52D341A25122F0082F43F /* Build configuration list for PBXProject "OurList" */ = {
			isa = XCConfigurationList;
			buildConfigurations = (
				43B52D5A1A25122F0082F43F /* Debug */,
				43B52D5B1A25122F0082F43F /* Release */,
			);
			defaultConfigurationIsVisible = 0;
			defaultConfigurationName = Release;
		};
		43B52D5C1A25122F0082F43F /* Build configuration list for PBXNativeTarget "OurList" */ = {
			isa = XCConfigurationList;
			buildConfigurations = (
				43B52D5D1A25122F0082F43F /* Debug */,
				43B52D5E1A25122F0082F43F /* Release */,
			);
			defaultConfigurationIsVisible = 0;
			defaultConfigurationName = Release;
		};
		43B52D5F1A25122F0082F43F /* Build configuration list for PBXNativeTarget "OurListTests" */ = {
			isa = XCConfigurationList;
			buildConfigurations = (
				43B52D601A25122F0082F43F /* Debug */,
				43B52D611A25122F0082F43F /* Release */,
			);
			defaultConfigurationIsVisible = 0;
			defaultConfigurationName = Release;
		};
/* End XCConfigurationList section */
	};
	rootObject = 43B52D311A25122F0082F43F /* Project object */;
}
